
Microsoft Visual Studio Solution File, Format Version 12.00
# Visual Studio Version 17
VisualStudioVersion = 17.1.32421.90
MinimumVisualStudioVersion = 10.0.40219.1
Project("{9A19103F-16F7-4668-BE54-9A1E7A4F7556}") = "ECommerce.API", "ECommerce.API\ECommerce.API.csproj", "{9DBF5213-8C56-4AC6-9E58-4401E530D53A}"
EndProject
Project("{2150E333-8FDC-42A3-9474-1A3956D46DE8}") = "src", "src", "{843F296F-564E-4B83-B61D-BBB65780045D}"
EndProject
Project("{2150E333-8FDC-42A3-9474-1A3956D46DE8}") = "Tests", "Tests", "{D81E1A69-A3A1-4664-A7D9-E8F6D8D2DE02}"
EndProject
Project("{2150E333-8FDC-42A3-9474-1A3956D46DE8}") = "WebApp", "WebApp", "{96EF590C-6B5C-4ED6-8081-13A9A554826A}"
EndProject
Project("{2150E333-8FDC-42A3-9474-1A3956D46DE8}") = "Presentation", "Presentation", "{95BEC5EF-792E-43AD-A29A-17F24FFF8E4D}"
EndProject
Project("{2150E333-8FDC-42A3-9474-1A3956D46DE8}") = "Domain", "Domain", "{44F0584E-0436-4253-9997-E82DACAAABF2}"
EndProject
Project("{2150E333-8FDC-42A3-9474-1A3956D46DE8}") = "Service", "Service", "{E34F1731-6998-4CA8-9BA0-8F4CB123B6E1}"
EndProject
Project("{9A19103F-16F7-4668-BE54-9A1E7A4F7556}") = "ECommerce.Front.BolouriGroup", "ECommerce.Front.BolouriGroup\ECommerce.Front.BolouriGroup.csproj", "{3045AFD7-60C6-4BAE-8299-D3C815644370}"
EndProject
Project("{9A19103F-16F7-4668-BE54-9A1E7A4F7556}") = "ECommerce.Services", "ECommerce.Services\ECommerce.Services.csproj", "{E78785FB-1F46-425D-A7B6-9E731C3DD1DB}"
EndProject
Project("{2150E333-8FDC-42A3-9474-1A3956D46DE8}") = "Application", "Application", "{6BDA89CE-C389-4B05-A6C9-63817C12D7C1}"
EndProject
Project("{9A19103F-16F7-4668-BE54-9A1E7A4F7556}") = "ECommerce.Repository.UnitTests", "ECommerce.Repository.UnitTests\ECommerce.Repository.UnitTests.csproj", "{E1B85E27-6798-4868-A502-79806FF47937}"
EndProject
Project("{9A19103F-16F7-4668-BE54-9A1E7A4F7556}") = "ECommerce.Benchmark", "Ecommerce.Benchmark\ECommerce.Benchmark.csproj", "{8E8DB003-688E-49E3-9B86-9669D2E8D4B2}"
EndProject
Project("{2150E333-8FDC-42A3-9474-1A3956D46DE8}") = "Infrastructure", "Infrastructure", "{5AAFB737-1353-4BB7-B25E-8CBCDBE746E0}"
EndProject
Project("{9A19103F-16F7-4668-BE54-9A1E7A4F7556}") = "ECommerce.Infrastructure.DataContext", "ECommerce.Infrastructure\ECommerce.Infrastructure.DataContext.csproj", "{38ADA912-4B24-4395-B919-2EBAA23D5535}"
EndProject
Project("{9A19103F-16F7-4668-BE54-9A1E7A4F7556}") = "ECommerce.Architecture.Tests", "ECommerce.Architecture.Tests\ECommerce.Architecture.Tests.csproj", "{E5372DCF-1992-4010-B8A0-257C93A8BF79}"
EndProject
Project("{9A19103F-16F7-4668-BE54-9A1E7A4F7556}") = "ECommerce.Infrastructure.Repository", "ECommerce.Infrastructure.Repository\ECommerce.Infrastructure.Repository.csproj", "{68B9D004-F47B-4536-9BA4-C9FA8F80F723}"
EndProject
Project("{9A19103F-16F7-4668-BE54-9A1E7A4F7556}") = "ECommerce.Domain.Entities", "ECommerce.Domain.Entity\ECommerce.Domain.Entities.csproj", "{493A7B24-FDD0-453E-8029-8122C810D99F}"
EndProject
Project("{9A19103F-16F7-4668-BE54-9A1E7A4F7556}") = "ECommerce.Domain.Exceptions", "ECommerce.Domain.Exception\ECommerce.Domain.Exceptions.csproj", "{5709FBD5-F079-487F-BE53-101290B75E55}"
EndProject
Project("{9A19103F-16F7-4668-BE54-9A1E7A4F7556}") = "ECommerce.Application.Services", "ECommerce.Application.Services\ECommerce.Application.Services.csproj", "{9DC5332B-44BD-447C-8B9C-82DA5D002400}"
EndProject
Project("{9A19103F-16F7-4668-BE54-9A1E7A4F7556}") = "ECommerce.Application.PersianTranslations", "ECommerce.Application.PersianTranslations\ECommerce.Application.PersianTranslations.csproj", "{C2F19FE5-958C-4421-BDE1-624BE20D5510}"
EndProject
Project("{9A19103F-16F7-4668-BE54-9A1E7A4F7556}") = "ECommerce.Domain.Interfaces", "ECommerce.Domain.Interfaces\ECommerce.Domain.Interfaces.csproj", "{D334E699-662F-4EC2-AA8B-39322FF301EC}"
EndProject
Project("{9A19103F-16F7-4668-BE54-9A1E7A4F7556}") = "ECommerce.Front.Admin", "ECommerce.Front.Admin\ECommerce.Front.Admin.csproj", "{2B711C91-A8A5-40C6-A5A9-0C7244795DA6}"
EndProject
Project("{9A19103F-16F7-4668-BE54-9A1E7A4F7556}") = "ECommerce.API.DataTransferObject", "ECommerce.API.DataTransferring\ECommerce.API.DataTransferObject.csproj", "{62353377-6D69-4928-996E-2DC22B6109FE}"
EndProject
Project("{9A19103F-16F7-4668-BE54-9A1E7A4F7556}") = "ECommerce.Infrastructure.Handlers", "ECommerce.Infrastructure.Handlers\ECommerce.Infrastructure.Handlers.csproj", "{AAD6F365-6A58-4431-9898-41A2D7C4BEB7}"
EndProject
Project("{9A19103F-16F7-4668-BE54-9A1E7A4F7556}") = "ECommerce.API.DataTransferObjectMappers", "ECommerce.API.DataTransferObjectMappers\ECommerce.API.DataTransferObjectMappers.csproj", "{0C9580E6-15B8-4A40-B084-FED9E6C595CD}"
EndProject
Project("{9A19103F-16F7-4668-BE54-9A1E7A4F7556}") = "ECommerce.Infrastructure.DataTransferObjectMappers", "ECommerce.Infrastructure.DataTransferObjectMappers\ECommerce.Infrastructure.DataTransferObjectMappers.csproj", "{E12594DE-0CEB-48E9-A0C0-3E0EF4B2B27E}"
EndProject
Project("{9A19103F-16F7-4668-BE54-9A1E7A4F7556}") = "ECommerce.Infrastructure.Ioc", "ECommerce.Infrastructure.Ioc\ECommerce.Infrastructure.Ioc.csproj", "{6FC9D29A-4BCA-42F8-BA5B-F5D0759AE3AA}"
EndProject
Project("{9A19103F-16F7-4668-BE54-9A1E7A4F7556}") = "ECommerce.API.Ioc", "ECommerce.API.Ioc\ECommerce.API.Ioc.csproj", "{DD9B438B-FC4A-49B6-9FA3-C6A32DC3B292}"
EndProject
Project("{9A19103F-16F7-4668-BE54-9A1E7A4F7556}") = "ECommerce.Infrastructure.Base.Ioc", "ECommerce.Infrastructure.Base.Ioc\ECommerce.Infrastructure.Base.Ioc.csproj", "{87F86658-ED5B-44D8-B3A6-9A1D87EABBDF}"
EndProject
Project("{9A19103F-16F7-4668-BE54-9A1E7A4F7556}") = "ECommerce.Application.Base.Services", "ECommerce.Application.Base.Services\ECommerce.Application.Base.Services.csproj", "{A34FFCBD-B3E5-4BC4-98CD-C40DA74461BF}"
EndProject
Project("{9A19103F-16F7-4668-BE54-9A1E7A4F7556}") = "ECommerce.Tests.Handler", "ECommerce.Tests.Handler\ECommerce.Tests.Handler.csproj", "{9A97132A-5F3F-40A4-8ED5-A769C927FD7E}"
EndProject
Project("{9A19103F-16F7-4668-BE54-9A1E7A4F7556}") = "ECommerce.Tests.Handler.Base", "ECommerce.Tests.Handler.Base\ECommerce.Tests.Handler.Base.csproj", "{C2D1AD1C-2624-46A4-8856-16CD4BD18784}"
EndProject
Global
	GlobalSection(SolutionConfigurationPlatforms) = preSolution
		Debug|Any CPU = Debug|Any CPU
		Release|Any CPU = Release|Any CPU
	EndGlobalSection
	GlobalSection(ProjectConfigurationPlatforms) = postSolution
		{9DBF5213-8C56-4AC6-9E58-4401E530D53A}.Debug|Any CPU.ActiveCfg = Debug|Any CPU
		{9DBF5213-8C56-4AC6-9E58-4401E530D53A}.Debug|Any CPU.Build.0 = Debug|Any CPU
		{9DBF5213-8C56-4AC6-9E58-4401E530D53A}.Release|Any CPU.ActiveCfg = Release|Any CPU
		{9DBF5213-8C56-4AC6-9E58-4401E530D53A}.Release|Any CPU.Build.0 = Release|Any CPU
		{3045AFD7-60C6-4BAE-8299-D3C815644370}.Debug|Any CPU.ActiveCfg = Debug|Any CPU
		{3045AFD7-60C6-4BAE-8299-D3C815644370}.Debug|Any CPU.Build.0 = Debug|Any CPU
		{3045AFD7-60C6-4BAE-8299-D3C815644370}.Release|Any CPU.ActiveCfg = Release|Any CPU
		{3045AFD7-60C6-4BAE-8299-D3C815644370}.Release|Any CPU.Build.0 = Release|Any CPU
		{E78785FB-1F46-425D-A7B6-9E731C3DD1DB}.Debug|Any CPU.ActiveCfg = Debug|Any CPU
		{E78785FB-1F46-425D-A7B6-9E731C3DD1DB}.Debug|Any CPU.Build.0 = Debug|Any CPU
		{E78785FB-1F46-425D-A7B6-9E731C3DD1DB}.Release|Any CPU.ActiveCfg = Release|Any CPU
		{E78785FB-1F46-425D-A7B6-9E731C3DD1DB}.Release|Any CPU.Build.0 = Release|Any CPU
		{E1B85E27-6798-4868-A502-79806FF47937}.Debug|Any CPU.ActiveCfg = Debug|Any CPU
		{E1B85E27-6798-4868-A502-79806FF47937}.Debug|Any CPU.Build.0 = Debug|Any CPU
		{E1B85E27-6798-4868-A502-79806FF47937}.Release|Any CPU.ActiveCfg = Release|Any CPU
		{E1B85E27-6798-4868-A502-79806FF47937}.Release|Any CPU.Build.0 = Release|Any CPU
		{8E8DB003-688E-49E3-9B86-9669D2E8D4B2}.Debug|Any CPU.ActiveCfg = Debug|Any CPU
		{8E8DB003-688E-49E3-9B86-9669D2E8D4B2}.Debug|Any CPU.Build.0 = Debug|Any CPU
		{8E8DB003-688E-49E3-9B86-9669D2E8D4B2}.Release|Any CPU.ActiveCfg = Release|Any CPU
		{8E8DB003-688E-49E3-9B86-9669D2E8D4B2}.Release|Any CPU.Build.0 = Release|Any CPU
		{38ADA912-4B24-4395-B919-2EBAA23D5535}.Debug|Any CPU.ActiveCfg = Debug|Any CPU
		{38ADA912-4B24-4395-B919-2EBAA23D5535}.Debug|Any CPU.Build.0 = Debug|Any CPU
		{38ADA912-4B24-4395-B919-2EBAA23D5535}.Release|Any CPU.ActiveCfg = Release|Any CPU
		{38ADA912-4B24-4395-B919-2EBAA23D5535}.Release|Any CPU.Build.0 = Release|Any CPU
		{E5372DCF-1992-4010-B8A0-257C93A8BF79}.Debug|Any CPU.ActiveCfg = Debug|Any CPU
		{E5372DCF-1992-4010-B8A0-257C93A8BF79}.Debug|Any CPU.Build.0 = Debug|Any CPU
		{E5372DCF-1992-4010-B8A0-257C93A8BF79}.Release|Any CPU.ActiveCfg = Release|Any CPU
		{E5372DCF-1992-4010-B8A0-257C93A8BF79}.Release|Any CPU.Build.0 = Release|Any CPU
		{68B9D004-F47B-4536-9BA4-C9FA8F80F723}.Debug|Any CPU.ActiveCfg = Debug|Any CPU
		{68B9D004-F47B-4536-9BA4-C9FA8F80F723}.Debug|Any CPU.Build.0 = Debug|Any CPU
		{68B9D004-F47B-4536-9BA4-C9FA8F80F723}.Release|Any CPU.ActiveCfg = Release|Any CPU
		{68B9D004-F47B-4536-9BA4-C9FA8F80F723}.Release|Any CPU.Build.0 = Release|Any CPU
		{493A7B24-FDD0-453E-8029-8122C810D99F}.Debug|Any CPU.ActiveCfg = Debug|Any CPU
		{493A7B24-FDD0-453E-8029-8122C810D99F}.Debug|Any CPU.Build.0 = Debug|Any CPU
		{493A7B24-FDD0-453E-8029-8122C810D99F}.Release|Any CPU.ActiveCfg = Release|Any CPU
		{493A7B24-FDD0-453E-8029-8122C810D99F}.Release|Any CPU.Build.0 = Release|Any CPU
		{5709FBD5-F079-487F-BE53-101290B75E55}.Debug|Any CPU.ActiveCfg = Debug|Any CPU
		{5709FBD5-F079-487F-BE53-101290B75E55}.Debug|Any CPU.Build.0 = Debug|Any CPU
		{5709FBD5-F079-487F-BE53-101290B75E55}.Release|Any CPU.ActiveCfg = Release|Any CPU
		{5709FBD5-F079-487F-BE53-101290B75E55}.Release|Any CPU.Build.0 = Release|Any CPU
		{9DC5332B-44BD-447C-8B9C-82DA5D002400}.Debug|Any CPU.ActiveCfg = Debug|Any CPU
		{9DC5332B-44BD-447C-8B9C-82DA5D002400}.Debug|Any CPU.Build.0 = Debug|Any CPU
		{9DC5332B-44BD-447C-8B9C-82DA5D002400}.Release|Any CPU.ActiveCfg = Release|Any CPU
		{9DC5332B-44BD-447C-8B9C-82DA5D002400}.Release|Any CPU.Build.0 = Release|Any CPU
		{C2F19FE5-958C-4421-BDE1-624BE20D5510}.Debug|Any CPU.ActiveCfg = Debug|Any CPU
		{C2F19FE5-958C-4421-BDE1-624BE20D5510}.Debug|Any CPU.Build.0 = Debug|Any CPU
		{C2F19FE5-958C-4421-BDE1-624BE20D5510}.Release|Any CPU.ActiveCfg = Release|Any CPU
		{C2F19FE5-958C-4421-BDE1-624BE20D5510}.Release|Any CPU.Build.0 = Release|Any CPU
		{D334E699-662F-4EC2-AA8B-39322FF301EC}.Debug|Any CPU.ActiveCfg = Debug|Any CPU
		{D334E699-662F-4EC2-AA8B-39322FF301EC}.Debug|Any CPU.Build.0 = Debug|Any CPU
		{D334E699-662F-4EC2-AA8B-39322FF301EC}.Release|Any CPU.ActiveCfg = Release|Any CPU
		{D334E699-662F-4EC2-AA8B-39322FF301EC}.Release|Any CPU.Build.0 = Release|Any CPU
		{2B711C91-A8A5-40C6-A5A9-0C7244795DA6}.Debug|Any CPU.ActiveCfg = Debug|Any CPU
		{2B711C91-A8A5-40C6-A5A9-0C7244795DA6}.Debug|Any CPU.Build.0 = Debug|Any CPU
		{2B711C91-A8A5-40C6-A5A9-0C7244795DA6}.Release|Any CPU.ActiveCfg = Release|Any CPU
		{2B711C91-A8A5-40C6-A5A9-0C7244795DA6}.Release|Any CPU.Build.0 = Release|Any CPU
		{62353377-6D69-4928-996E-2DC22B6109FE}.Debug|Any CPU.ActiveCfg = Debug|Any CPU
		{62353377-6D69-4928-996E-2DC22B6109FE}.Debug|Any CPU.Build.0 = Debug|Any CPU
		{62353377-6D69-4928-996E-2DC22B6109FE}.Release|Any CPU.ActiveCfg = Release|Any CPU
		{62353377-6D69-4928-996E-2DC22B6109FE}.Release|Any CPU.Build.0 = Release|Any CPU
		{AAD6F365-6A58-4431-9898-41A2D7C4BEB7}.Debug|Any CPU.ActiveCfg = Debug|Any CPU
		{AAD6F365-6A58-4431-9898-41A2D7C4BEB7}.Debug|Any CPU.Build.0 = Debug|Any CPU
		{AAD6F365-6A58-4431-9898-41A2D7C4BEB7}.Release|Any CPU.ActiveCfg = Release|Any CPU
		{AAD6F365-6A58-4431-9898-41A2D7C4BEB7}.Release|Any CPU.Build.0 = Release|Any CPU
		{0C9580E6-15B8-4A40-B084-FED9E6C595CD}.Debug|Any CPU.ActiveCfg = Debug|Any CPU
		{0C9580E6-15B8-4A40-B084-FED9E6C595CD}.Debug|Any CPU.Build.0 = Debug|Any CPU
		{0C9580E6-15B8-4A40-B084-FED9E6C595CD}.Release|Any CPU.ActiveCfg = Release|Any CPU
		{0C9580E6-15B8-4A40-B084-FED9E6C595CD}.Release|Any CPU.Build.0 = Release|Any CPU
		{E12594DE-0CEB-48E9-A0C0-3E0EF4B2B27E}.Debug|Any CPU.ActiveCfg = Debug|Any CPU
		{E12594DE-0CEB-48E9-A0C0-3E0EF4B2B27E}.Debug|Any CPU.Build.0 = Debug|Any CPU
		{E12594DE-0CEB-48E9-A0C0-3E0EF4B2B27E}.Release|Any CPU.ActiveCfg = Release|Any CPU
		{E12594DE-0CEB-48E9-A0C0-3E0EF4B2B27E}.Release|Any CPU.Build.0 = Release|Any CPU
		{6FC9D29A-4BCA-42F8-BA5B-F5D0759AE3AA}.Debug|Any CPU.ActiveCfg = Debug|Any CPU
		{6FC9D29A-4BCA-42F8-BA5B-F5D0759AE3AA}.Debug|Any CPU.Build.0 = Debug|Any CPU
		{6FC9D29A-4BCA-42F8-BA5B-F5D0759AE3AA}.Release|Any CPU.ActiveCfg = Release|Any CPU
		{6FC9D29A-4BCA-42F8-BA5B-F5D0759AE3AA}.Release|Any CPU.Build.0 = Release|Any CPU
		{DD9B438B-FC4A-49B6-9FA3-C6A32DC3B292}.Debug|Any CPU.ActiveCfg = Debug|Any CPU
		{DD9B438B-FC4A-49B6-9FA3-C6A32DC3B292}.Debug|Any CPU.Build.0 = Debug|Any CPU
		{DD9B438B-FC4A-49B6-9FA3-C6A32DC3B292}.Release|Any CPU.ActiveCfg = Release|Any CPU
		{DD9B438B-FC4A-49B6-9FA3-C6A32DC3B292}.Release|Any CPU.Build.0 = Release|Any CPU
		{87F86658-ED5B-44D8-B3A6-9A1D87EABBDF}.Debug|Any CPU.ActiveCfg = Debug|Any CPU
		{87F86658-ED5B-44D8-B3A6-9A1D87EABBDF}.Debug|Any CPU.Build.0 = Debug|Any CPU
		{87F86658-ED5B-44D8-B3A6-9A1D87EABBDF}.Release|Any CPU.ActiveCfg = Release|Any CPU
		{87F86658-ED5B-44D8-B3A6-9A1D87EABBDF}.Release|Any CPU.Build.0 = Release|Any CPU
		{A34FFCBD-B3E5-4BC4-98CD-C40DA74461BF}.Debug|Any CPU.ActiveCfg = Debug|Any CPU
		{A34FFCBD-B3E5-4BC4-98CD-C40DA74461BF}.Debug|Any CPU.Build.0 = Debug|Any CPU
		{A34FFCBD-B3E5-4BC4-98CD-C40DA74461BF}.Release|Any CPU.ActiveCfg = Release|Any CPU
		{A34FFCBD-B3E5-4BC4-98CD-C40DA74461BF}.Release|Any CPU.Build.0 = Release|Any CPU
		{9A97132A-5F3F-40A4-8ED5-A769C927FD7E}.Debug|Any CPU.ActiveCfg = Debug|Any CPU
		{9A97132A-5F3F-40A4-8ED5-A769C927FD7E}.Debug|Any CPU.Build.0 = Debug|Any CPU
		{9A97132A-5F3F-40A4-8ED5-A769C927FD7E}.Release|Any CPU.ActiveCfg = Release|Any CPU
		{9A97132A-5F3F-40A4-8ED5-A769C927FD7E}.Release|Any CPU.Build.0 = Release|Any CPU
		{C2D1AD1C-2624-46A4-8856-16CD4BD18784}.Debug|Any CPU.ActiveCfg = Debug|Any CPU
		{C2D1AD1C-2624-46A4-8856-16CD4BD18784}.Debug|Any CPU.Build.0 = Debug|Any CPU
		{C2D1AD1C-2624-46A4-8856-16CD4BD18784}.Release|Any CPU.ActiveCfg = Release|Any CPU
		{C2D1AD1C-2624-46A4-8856-16CD4BD18784}.Release|Any CPU.Build.0 = Release|Any CPU
	EndGlobalSection
	GlobalSection(SolutionProperties) = preSolution
		HideSolutionNode = FALSE
	EndGlobalSection
	GlobalSection(NestedProjects) = preSolution
		{9DBF5213-8C56-4AC6-9E58-4401E530D53A} = {95BEC5EF-792E-43AD-A29A-17F24FFF8E4D}
		{96EF590C-6B5C-4ED6-8081-13A9A554826A} = {843F296F-564E-4B83-B61D-BBB65780045D}
		{95BEC5EF-792E-43AD-A29A-17F24FFF8E4D} = {843F296F-564E-4B83-B61D-BBB65780045D}
		{44F0584E-0436-4253-9997-E82DACAAABF2} = {843F296F-564E-4B83-B61D-BBB65780045D}
		{E34F1731-6998-4CA8-9BA0-8F4CB123B6E1} = {843F296F-564E-4B83-B61D-BBB65780045D}
		{3045AFD7-60C6-4BAE-8299-D3C815644370} = {96EF590C-6B5C-4ED6-8081-13A9A554826A}
		{E78785FB-1F46-425D-A7B6-9E731C3DD1DB} = {E34F1731-6998-4CA8-9BA0-8F4CB123B6E1}
		{6BDA89CE-C389-4B05-A6C9-63817C12D7C1} = {843F296F-564E-4B83-B61D-BBB65780045D}
		{E1B85E27-6798-4868-A502-79806FF47937} = {D81E1A69-A3A1-4664-A7D9-E8F6D8D2DE02}
		{8E8DB003-688E-49E3-9B86-9669D2E8D4B2} = {D81E1A69-A3A1-4664-A7D9-E8F6D8D2DE02}
		{5AAFB737-1353-4BB7-B25E-8CBCDBE746E0} = {843F296F-564E-4B83-B61D-BBB65780045D}
		{38ADA912-4B24-4395-B919-2EBAA23D5535} = {5AAFB737-1353-4BB7-B25E-8CBCDBE746E0}
		{E5372DCF-1992-4010-B8A0-257C93A8BF79} = {D81E1A69-A3A1-4664-A7D9-E8F6D8D2DE02}
		{68B9D004-F47B-4536-9BA4-C9FA8F80F723} = {5AAFB737-1353-4BB7-B25E-8CBCDBE746E0}
		{493A7B24-FDD0-453E-8029-8122C810D99F} = {44F0584E-0436-4253-9997-E82DACAAABF2}
		{5709FBD5-F079-487F-BE53-101290B75E55} = {44F0584E-0436-4253-9997-E82DACAAABF2}
		{9DC5332B-44BD-447C-8B9C-82DA5D002400} = {6BDA89CE-C389-4B05-A6C9-63817C12D7C1}
		{C2F19FE5-958C-4421-BDE1-624BE20D5510} = {6BDA89CE-C389-4B05-A6C9-63817C12D7C1}
		{D334E699-662F-4EC2-AA8B-39322FF301EC} = {44F0584E-0436-4253-9997-E82DACAAABF2}
		{2B711C91-A8A5-40C6-A5A9-0C7244795DA6} = {96EF590C-6B5C-4ED6-8081-13A9A554826A}
		{62353377-6D69-4928-996E-2DC22B6109FE} = {95BEC5EF-792E-43AD-A29A-17F24FFF8E4D}
		{AAD6F365-6A58-4431-9898-41A2D7C4BEB7} = {5AAFB737-1353-4BB7-B25E-8CBCDBE746E0}
		{0C9580E6-15B8-4A40-B084-FED9E6C595CD} = {95BEC5EF-792E-43AD-A29A-17F24FFF8E4D}
		{E12594DE-0CEB-48E9-A0C0-3E0EF4B2B27E} = {5AAFB737-1353-4BB7-B25E-8CBCDBE746E0}
		{6FC9D29A-4BCA-42F8-BA5B-F5D0759AE3AA} = {5AAFB737-1353-4BB7-B25E-8CBCDBE746E0}
		{DD9B438B-FC4A-49B6-9FA3-C6A32DC3B292} = {95BEC5EF-792E-43AD-A29A-17F24FFF8E4D}
		{87F86658-ED5B-44D8-B3A6-9A1D87EABBDF} = {5AAFB737-1353-4BB7-B25E-8CBCDBE746E0}
		{A34FFCBD-B3E5-4BC4-98CD-C40DA74461BF} = {6BDA89CE-C389-4B05-A6C9-63817C12D7C1}
		{9A97132A-5F3F-40A4-8ED5-A769C927FD7E} = {D81E1A69-A3A1-4664-A7D9-E8F6D8D2DE02}
		{C2D1AD1C-2624-46A4-8856-16CD4BD18784} = {D81E1A69-A3A1-4664-A7D9-E8F6D8D2DE02}
	EndGlobalSection
	GlobalSection(ExtensibilityGlobals) = postSolution
		SolutionGuid = {9D8D4786-97E5-49C4-A207-2C1204E761E4}
	EndGlobalSection
EndGlobal
