
Microsoft Visual Studio Solution File, Format Version 12.00
# Visual Studio Version 17
VisualStudioVersion = 17.1.32421.90
MinimumVisualStudioVersion = 10.0.40219.1
Project("{2150E333-8FDC-42A3-9474-1A3956D46DE8}") = "src", "src", "{843F296F-564E-4B83-B61D-BBB65780045D}"
EndProject
Project("{2150E333-8FDC-42A3-9474-1A3956D46DE8}") = "Tests", "Tests", "{D81E1A69-A3A1-4664-A7D9-E8F6D8D2DE02}"
EndProject
Project("{2150E333-8FDC-42A3-9474-1A3956D46DE8}") = "WebApp", "WebApp", "{96EF590C-6B5C-4ED6-8081-13A9A554826A}"
EndProject
Project("{2150E333-8FDC-42A3-9474-1A3956D46DE8}") = "Domain", "Domain", "{44F0584E-0436-4253-9997-E82DACAAABF2}"
EndProject
Project("{2150E333-8FDC-42A3-9474-1A3956D46DE8}") = "Service", "Service", "{E34F1731-6998-4CA8-9BA0-8F4CB123B6E1}"
EndProject
Project("{9A19103F-16F7-4668-BE54-9A1E7A4F7556}") = "ECommerce.Services", "ECommerce.Services\ECommerce.Services.csproj", "{E78785FB-1F46-425D-A7B6-9E731C3DD1DB}"
EndProject
Project("{2150E333-8FDC-42A3-9474-1A3956D46DE8}") = "Application", "Application", "{6BDA89CE-C389-4B05-A6C9-63817C12D7C1}"
EndProject
Project("{9A19103F-16F7-4668-BE54-9A1E7A4F7556}") = "ECommerce.Repository.UnitTests", "ECommerce.Repository.UnitTests\ECommerce.Repository.UnitTests.csproj", "{E1B85E27-6798-4868-A502-79806FF47937}"
EndProject
Project("{9A19103F-16F7-4668-BE54-9A1E7A4F7556}") = "ECommerce.Benchmark", "Ecommerce.Benchmark\ECommerce.Benchmark.csproj", "{8E8DB003-688E-49E3-9B86-9669D2E8D4B2}"
EndProject
Project("{2150E333-8FDC-42A3-9474-1A3956D46DE8}") = "Infrastructure", "Infrastructure", "{5AAFB737-1353-4BB7-B25E-8CBCDBE746E0}"
EndProject
Project("{9A19103F-16F7-4668-BE54-9A1E7A4F7556}") = "ECommerce.Architecture.Tests", "ECommerce.Architecture.Tests\ECommerce.Architecture.Tests.csproj", "{E5372DCF-1992-4010-B8A0-257C93A8BF79}"
EndProject
Project("{9A19103F-16F7-4668-BE54-9A1E7A4F7556}") = "ECommerce.Infrastructure.Repository", "ECommerce.Infrastructure.Repository\ECommerce.Infrastructure.Repository.csproj", "{68B9D004-F47B-4536-9BA4-C9FA8F80F723}"
EndProject
Project("{9A19103F-16F7-4668-BE54-9A1E7A4F7556}") = "ECommerce.Domain.Entities", "ECommerce.Domain.Entity\ECommerce.Domain.Entities.csproj", "{493A7B24-FDD0-453E-8029-8122C810D99F}"
EndProject
Project("{9A19103F-16F7-4668-BE54-9A1E7A4F7556}") = "ECommerce.Domain.Exceptions", "ECommerce.Domain.Exception\ECommerce.Domain.Exceptions.csproj", "{5709FBD5-F079-487F-BE53-101290B75E55}"
EndProject
Project("{9A19103F-16F7-4668-BE54-9A1E7A4F7556}") = "ECommerce.Application.Services", "ECommerce.Application.Services\ECommerce.Application.Services.csproj", "{9DC5332B-44BD-447C-8B9C-82DA5D002400}"
EndProject
Project("{9A19103F-16F7-4668-BE54-9A1E7A4F7556}") = "ECommerce.Application.ViewModels", "ECommerce.Application.ViewModels\ECommerce.Application.ViewModels.csproj", "{B2F0A91A-C2D2-4BCA-B4C9-745171307DD9}"
EndProject
Project("{9A19103F-16F7-4668-BE54-9A1E7A4F7556}") = "ECommerce.Application.PersianTranslations", "ECommerce.Application.PersianTranslations\ECommerce.Application.PersianTranslations.csproj", "{C2F19FE5-958C-4421-BDE1-624BE20D5510}"
EndProject
Project("{9A19103F-16F7-4668-BE54-9A1E7A4F7556}") = "ECommerce.Domain.Interfaces", "ECommerce.Domain.Interfaces\ECommerce.Domain.Interfaces.csproj", "{D334E699-662F-4EC2-AA8B-39322FF301EC}"
EndProject
Project("{9A19103F-16F7-4668-BE54-9A1E7A4F7556}") = "ECommerce.Front.Admin", "ECommerce.Front.Admin\ECommerce.Front.Admin.csproj", "{2B711C91-A8A5-40C6-A5A9-0C7244795DA6}"
EndProject
Project("{9A19103F-16F7-4668-BE54-9A1E7A4F7556}") = "ECommerce.Infrastructure.DataContext", "ECommerce.Infrastructure\ECommerce.Infrastructure.DataContext.csproj", "{77063552-E8D7-48B2-A804-F0FA1007B401}"
EndProject
Project("{9A19103F-16F7-4668-BE54-9A1E7A4F7556}") = "ECommerce.Front.BolouriGroup", "ECommerce.Front.BolouriGroup\ECommerce.Front.BolouriGroup.csproj", "{638731B8-89A8-4C29-AB6A-6BF60140145C}"
EndProject
Project("{2150E333-8FDC-42A3-9474-1A3956D46DE8}") = "Presentation", "Presentation", "{5C5C3266-D542-457F-A92C-EC679B2D9473}"
EndProject
Project("{9A19103F-16F7-4668-BE54-9A1E7A4F7556}") = "ECommerce.API", "ECommerce.API\ECommerce.API.csproj", "{B2047D3B-6BBD-43E5-BFCA-BA45DB7C2E66}"
EndProject
Global
	GlobalSection(SolutionConfigurationPlatforms) = preSolution
		Debug|Any CPU = Debug|Any CPU
		Release|Any CPU = Release|Any CPU
	EndGlobalSection
	GlobalSection(ProjectConfigurationPlatforms) = postSolution
		{E78785FB-1F46-425D-A7B6-9E731C3DD1DB}.Debug|Any CPU.ActiveCfg = Debug|Any CPU
		{E78785FB-1F46-425D-A7B6-9E731C3DD1DB}.Debug|Any CPU.Build.0 = Debug|Any CPU
		{E78785FB-1F46-425D-A7B6-9E731C3DD1DB}.Release|Any CPU.ActiveCfg = Release|Any CPU
		{E78785FB-1F46-425D-A7B6-9E731C3DD1DB}.Release|Any CPU.Build.0 = Release|Any CPU
		{E1B85E27-6798-4868-A502-79806FF47937}.Debug|Any CPU.ActiveCfg = Debug|Any CPU
		{E1B85E27-6798-4868-A502-79806FF47937}.Debug|Any CPU.Build.0 = Debug|Any CPU
		{E1B85E27-6798-4868-A502-79806FF47937}.Release|Any CPU.ActiveCfg = Release|Any CPU
		{E1B85E27-6798-4868-A502-79806FF47937}.Release|Any CPU.Build.0 = Release|Any CPU
		{8E8DB003-688E-49E3-9B86-9669D2E8D4B2}.Debug|Any CPU.ActiveCfg = Debug|Any CPU
		{8E8DB003-688E-49E3-9B86-9669D2E8D4B2}.Debug|Any CPU.Build.0 = Debug|Any CPU
		{8E8DB003-688E-49E3-9B86-9669D2E8D4B2}.Release|Any CPU.ActiveCfg = Release|Any CPU
		{8E8DB003-688E-49E3-9B86-9669D2E8D4B2}.Release|Any CPU.Build.0 = Release|Any CPU
		{E5372DCF-1992-4010-B8A0-257C93A8BF79}.Debug|Any CPU.ActiveCfg = Debug|Any CPU
		{E5372DCF-1992-4010-B8A0-257C93A8BF79}.Debug|Any CPU.Build.0 = Debug|Any CPU
		{E5372DCF-1992-4010-B8A0-257C93A8BF79}.Release|Any CPU.ActiveCfg = Release|Any CPU
		{E5372DCF-1992-4010-B8A0-257C93A8BF79}.Release|Any CPU.Build.0 = Release|Any CPU
		{68B9D004-F47B-4536-9BA4-C9FA8F80F723}.Debug|Any CPU.ActiveCfg = Debug|Any CPU
		{68B9D004-F47B-4536-9BA4-C9FA8F80F723}.Debug|Any CPU.Build.0 = Debug|Any CPU
		{68B9D004-F47B-4536-9BA4-C9FA8F80F723}.Release|Any CPU.ActiveCfg = Release|Any CPU
		{68B9D004-F47B-4536-9BA4-C9FA8F80F723}.Release|Any CPU.Build.0 = Release|Any CPU
		{493A7B24-FDD0-453E-8029-8122C810D99F}.Debug|Any CPU.ActiveCfg = Debug|Any CPU
		{493A7B24-FDD0-453E-8029-8122C810D99F}.Debug|Any CPU.Build.0 = Debug|Any CPU
		{493A7B24-FDD0-453E-8029-8122C810D99F}.Release|Any CPU.ActiveCfg = Release|Any CPU
		{493A7B24-FDD0-453E-8029-8122C810D99F}.Release|Any CPU.Build.0 = Release|Any CPU
		{5709FBD5-F079-487F-BE53-101290B75E55}.Debug|Any CPU.ActiveCfg = Debug|Any CPU
		{5709FBD5-F079-487F-BE53-101290B75E55}.Debug|Any CPU.Build.0 = Debug|Any CPU
		{5709FBD5-F079-487F-BE53-101290B75E55}.Release|Any CPU.ActiveCfg = Release|Any CPU
		{5709FBD5-F079-487F-BE53-101290B75E55}.Release|Any CPU.Build.0 = Release|Any CPU
		{9DC5332B-44BD-447C-8B9C-82DA5D002400}.Debug|Any CPU.ActiveCfg = Debug|Any CPU
		{9DC5332B-44BD-447C-8B9C-82DA5D002400}.Debug|Any CPU.Build.0 = Debug|Any CPU
		{9DC5332B-44BD-447C-8B9C-82DA5D002400}.Release|Any CPU.ActiveCfg = Release|Any CPU
		{9DC5332B-44BD-447C-8B9C-82DA5D002400}.Release|Any CPU.Build.0 = Release|Any CPU
		{B2F0A91A-C2D2-4BCA-B4C9-745171307DD9}.Debug|Any CPU.ActiveCfg = Debug|Any CPU
		{B2F0A91A-C2D2-4BCA-B4C9-745171307DD9}.Debug|Any CPU.Build.0 = Debug|Any CPU
		{B2F0A91A-C2D2-4BCA-B4C9-745171307DD9}.Release|Any CPU.ActiveCfg = Release|Any CPU
		{B2F0A91A-C2D2-4BCA-B4C9-745171307DD9}.Release|Any CPU.Build.0 = Release|Any CPU
		{C2F19FE5-958C-4421-BDE1-624BE20D5510}.Debug|Any CPU.ActiveCfg = Debug|Any CPU
		{C2F19FE5-958C-4421-BDE1-624BE20D5510}.Debug|Any CPU.Build.0 = Debug|Any CPU
		{C2F19FE5-958C-4421-BDE1-624BE20D5510}.Release|Any CPU.ActiveCfg = Release|Any CPU
		{C2F19FE5-958C-4421-BDE1-624BE20D5510}.Release|Any CPU.Build.0 = Release|Any CPU
		{D334E699-662F-4EC2-AA8B-39322FF301EC}.Debug|Any CPU.ActiveCfg = Debug|Any CPU
		{D334E699-662F-4EC2-AA8B-39322FF301EC}.Debug|Any CPU.Build.0 = Debug|Any CPU
		{D334E699-662F-4EC2-AA8B-39322FF301EC}.Release|Any CPU.ActiveCfg = Release|Any CPU
		{D334E699-662F-4EC2-AA8B-39322FF301EC}.Release|Any CPU.Build.0 = Release|Any CPU
		{2B711C91-A8A5-40C6-A5A9-0C7244795DA6}.Debug|Any CPU.ActiveCfg = Debug|Any CPU
		{2B711C91-A8A5-40C6-A5A9-0C7244795DA6}.Debug|Any CPU.Build.0 = Debug|Any CPU
		{2B711C91-A8A5-40C6-A5A9-0C7244795DA6}.Release|Any CPU.ActiveCfg = Release|Any CPU
		{2B711C91-A8A5-40C6-A5A9-0C7244795DA6}.Release|Any CPU.Build.0 = Release|Any CPU
		{77063552-E8D7-48B2-A804-F0FA1007B401}.Debug|Any CPU.ActiveCfg = Debug|Any CPU
		{77063552-E8D7-48B2-A804-F0FA1007B401}.Debug|Any CPU.Build.0 = Debug|Any CPU
		{77063552-E8D7-48B2-A804-F0FA1007B401}.Release|Any CPU.ActiveCfg = Release|Any CPU
		{77063552-E8D7-48B2-A804-F0FA1007B401}.Release|Any CPU.Build.0 = Release|Any CPU
		{638731B8-89A8-4C29-AB6A-6BF60140145C}.Debug|Any CPU.ActiveCfg = Debug|Any CPU
		{638731B8-89A8-4C29-AB6A-6BF60140145C}.Debug|Any CPU.Build.0 = Debug|Any CPU
		{638731B8-89A8-4C29-AB6A-6BF60140145C}.Release|Any CPU.ActiveCfg = Release|Any CPU
		{638731B8-89A8-4C29-AB6A-6BF60140145C}.Release|Any CPU.Build.0 = Release|Any CPU
		{B2047D3B-6BBD-43E5-BFCA-BA45DB7C2E66}.Debug|Any CPU.ActiveCfg = Debug|Any CPU
		{B2047D3B-6BBD-43E5-BFCA-BA45DB7C2E66}.Debug|Any CPU.Build.0 = Debug|Any CPU
		{B2047D3B-6BBD-43E5-BFCA-BA45DB7C2E66}.Release|Any CPU.ActiveCfg = Release|Any CPU
		{B2047D3B-6BBD-43E5-BFCA-BA45DB7C2E66}.Release|Any CPU.Build.0 = Release|Any CPU
	EndGlobalSection
	GlobalSection(SolutionProperties) = preSolution
		HideSolutionNode = FALSE
	EndGlobalSection
	GlobalSection(NestedProjects) = preSolution
		{96EF590C-6B5C-4ED6-8081-13A9A554826A} = {843F296F-564E-4B83-B61D-BBB65780045D}
		{44F0584E-0436-4253-9997-E82DACAAABF2} = {843F296F-564E-4B83-B61D-BBB65780045D}
		{E34F1731-6998-4CA8-9BA0-8F4CB123B6E1} = {843F296F-564E-4B83-B61D-BBB65780045D}
		{E78785FB-1F46-425D-A7B6-9E731C3DD1DB} = {E34F1731-6998-4CA8-9BA0-8F4CB123B6E1}
		{6BDA89CE-C389-4B05-A6C9-63817C12D7C1} = {843F296F-564E-4B83-B61D-BBB65780045D}
		{E1B85E27-6798-4868-A502-79806FF47937} = {D81E1A69-A3A1-4664-A7D9-E8F6D8D2DE02}
		{8E8DB003-688E-49E3-9B86-9669D2E8D4B2} = {D81E1A69-A3A1-4664-A7D9-E8F6D8D2DE02}
		{5AAFB737-1353-4BB7-B25E-8CBCDBE746E0} = {843F296F-564E-4B83-B61D-BBB65780045D}
		{E5372DCF-1992-4010-B8A0-257C93A8BF79} = {D81E1A69-A3A1-4664-A7D9-E8F6D8D2DE02}
		{68B9D004-F47B-4536-9BA4-C9FA8F80F723} = {5AAFB737-1353-4BB7-B25E-8CBCDBE746E0}
		{493A7B24-FDD0-453E-8029-8122C810D99F} = {44F0584E-0436-4253-9997-E82DACAAABF2}
		{5709FBD5-F079-487F-BE53-101290B75E55} = {44F0584E-0436-4253-9997-E82DACAAABF2}
		{9DC5332B-44BD-447C-8B9C-82DA5D002400} = {6BDA89CE-C389-4B05-A6C9-63817C12D7C1}
		{B2F0A91A-C2D2-4BCA-B4C9-745171307DD9} = {6BDA89CE-C389-4B05-A6C9-63817C12D7C1}
		{C2F19FE5-958C-4421-BDE1-624BE20D5510} = {6BDA89CE-C389-4B05-A6C9-63817C12D7C1}
		{D334E699-662F-4EC2-AA8B-39322FF301EC} = {44F0584E-0436-4253-9997-E82DACAAABF2}
		{2B711C91-A8A5-40C6-A5A9-0C7244795DA6} = {96EF590C-6B5C-4ED6-8081-13A9A554826A}
		{77063552-E8D7-48B2-A804-F0FA1007B401} = {5AAFB737-1353-4BB7-B25E-8CBCDBE746E0}
		{638731B8-89A8-4C29-AB6A-6BF60140145C} = {96EF590C-6B5C-4ED6-8081-13A9A554826A}
		{5C5C3266-D542-457F-A92C-EC679B2D9473} = {843F296F-564E-4B83-B61D-BBB65780045D}
		{B2047D3B-6BBD-43E5-BFCA-BA45DB7C2E66} = {5C5C3266-D542-457F-A92C-EC679B2D9473}
	EndGlobalSection
	GlobalSection(ExtensibilityGlobals) = postSolution
		SolutionGuid = {9D8D4786-97E5-49C4-A207-2C1204E761E4}
	EndGlobalSection
EndGlobal
